// !$*UTF8*$!
{
	archiveVersion = 1;
	classes = {
	};
	objectVersion = 51;
	objects = {

/* Begin PBXBuildFile section */
		C1C82574C1BB7593A5CBABAC /* Pods_Modular_iOS_Architecture.framework in Frameworks */ = {isa = PBXBuildFile; fileRef = 7FF9C3667C3AFD6B4A251E86 /* Pods_Modular_iOS_Architecture.framework */; };
		DD4EFCAF236E579100718D50 /* AppDelegate.swift in Sources */ = {isa = PBXBuildFile; fileRef = DD4EFCAE236E579100718D50 /* AppDelegate.swift */; };
		DD4EFCB8236E579300718D50 /* Assets.xcassets in Resources */ = {isa = PBXBuildFile; fileRef = DD4EFCB7236E579300718D50 /* Assets.xcassets */; };
		DD4EFCBB236E579300718D50 /* LaunchScreen.storyboard in Resources */ = {isa = PBXBuildFile; fileRef = DD4EFCB9236E579300718D50 /* LaunchScreen.storyboard */; };
		DDD48B012384C7FA009DDAC3 /* ModuleManager.framework in Frameworks */ = {isa = PBXBuildFile; fileRef = DDD48B002384C7FA009DDAC3 /* ModuleManager.framework */; };
		DDD48B022384C7FA009DDAC3 /* ModuleManager.framework in Embed Frameworks */ = {isa = PBXBuildFile; fileRef = DDD48B002384C7FA009DDAC3 /* ModuleManager.framework */; settings = {ATTRIBUTES = (CodeSignOnCopy, RemoveHeadersOnCopy, ); }; };
		DDD48B052384C7FE009DDAC3 /* LoginKit.framework in Frameworks */ = {isa = PBXBuildFile; fileRef = DDD48B042384C7FE009DDAC3 /* LoginKit.framework */; };
		DDD48B062384C7FE009DDAC3 /* LoginKit.framework in Embed Frameworks */ = {isa = PBXBuildFile; fileRef = DDD48B042384C7FE009DDAC3 /* LoginKit.framework */; settings = {ATTRIBUTES = (CodeSignOnCopy, RemoveHeadersOnCopy, ); }; };
		DDD48BB323859EC6009DDAC3 /* WatchlistKit.framework in Frameworks */ = {isa = PBXBuildFile; fileRef = DDD48BB223859EC6009DDAC3 /* WatchlistKit.framework */; };
		DDD48BB423859EC6009DDAC3 /* WatchlistKit.framework in Embed Frameworks */ = {isa = PBXBuildFile; fileRef = DDD48BB223859EC6009DDAC3 /* WatchlistKit.framework */; settings = {ATTRIBUTES = (CodeSignOnCopy, RemoveHeadersOnCopy, ); }; };
/* End PBXBuildFile section */

/* Begin PBXCopyFilesBuildPhase section */
		DDD48B032384C7FB009DDAC3 /* Embed Frameworks */ = {
			isa = PBXCopyFilesBuildPhase;
			buildActionMask = 2147483647;
			dstPath = "";
			dstSubfolderSpec = 10;
			files = (
				DDD48BB423859EC6009DDAC3 /* WatchlistKit.framework in Embed Frameworks */,
				DDD48B022384C7FA009DDAC3 /* ModuleManager.framework in Embed Frameworks */,
				DDD48B062384C7FE009DDAC3 /* LoginKit.framework in Embed Frameworks */,
			);
			name = "Embed Frameworks";
			runOnlyForDeploymentPostprocessing = 0;
		};
/* End PBXCopyFilesBuildPhase section */

/* Begin PBXFileReference section */
		07A53D63B8E6BA0AAF9D8B82 /* Pods-Modular iOS Architecture [SwiftyIDxStockbit].release.xcconfig */ = {isa = PBXFileReference; includeInIndex = 1; lastKnownFileType = text.xcconfig; name = "Pods-Modular iOS Architecture [SwiftyIDxStockbit].release.xcconfig"; path = "Target Support Files/Pods-Modular iOS Architecture [SwiftyIDxStockbit]/Pods-Modular iOS Architecture [SwiftyIDxStockbit].release.xcconfig"; sourceTree = "<group>"; };
		4FBDC0AC44F192B4F776E614 /* Pods-Modular iOS Architecture.release.xcconfig */ = {isa = PBXFileReference; includeInIndex = 1; lastKnownFileType = text.xcconfig; name = "Pods-Modular iOS Architecture.release.xcconfig"; path = "Target Support Files/Pods-Modular iOS Architecture/Pods-Modular iOS Architecture.release.xcconfig"; sourceTree = "<group>"; };
		56AC1B072F04B94DFD902657 /* Pods-Modular iOS Architecture [SwiftyIDxStockbit].debug.xcconfig */ = {isa = PBXFileReference; includeInIndex = 1; lastKnownFileType = text.xcconfig; name = "Pods-Modular iOS Architecture [SwiftyIDxStockbit].debug.xcconfig"; path = "Target Support Files/Pods-Modular iOS Architecture [SwiftyIDxStockbit]/Pods-Modular iOS Architecture [SwiftyIDxStockbit].debug.xcconfig"; sourceTree = "<group>"; };
		7FF9C3667C3AFD6B4A251E86 /* Pods_Modular_iOS_Architecture.framework */ = {isa = PBXFileReference; explicitFileType = wrapper.framework; includeInIndex = 0; path = Pods_Modular_iOS_Architecture.framework; sourceTree = BUILT_PRODUCTS_DIR; };
		DD4EFCAB236E579100718D50 /* SwiftyID.app */ = {isa = PBXFileReference; explicitFileType = wrapper.application; includeInIndex = 0; path = SwiftyID.app; sourceTree = BUILT_PRODUCTS_DIR; };
		DD4EFCAE236E579100718D50 /* AppDelegate.swift */ = {isa = PBXFileReference; lastKnownFileType = sourcecode.swift; path = AppDelegate.swift; sourceTree = "<group>"; };
		DD4EFCB7236E579300718D50 /* Assets.xcassets */ = {isa = PBXFileReference; lastKnownFileType = folder.assetcatalog; path = Assets.xcassets; sourceTree = "<group>"; };
		DD4EFCBA236E579300718D50 /* Base */ = {isa = PBXFileReference; lastKnownFileType = file.storyboard; name = Base; path = Base.lproj/LaunchScreen.storyboard; sourceTree = "<group>"; };
		DD4EFCBC236E579300718D50 /* Info.plist */ = {isa = PBXFileReference; lastKnownFileType = text.plist.xml; path = Info.plist; sourceTree = "<group>"; };
		DDD48B002384C7FA009DDAC3 /* ModuleManager.framework */ = {isa = PBXFileReference; explicitFileType = wrapper.framework; path = ModuleManager.framework; sourceTree = BUILT_PRODUCTS_DIR; };
		DDD48B042384C7FE009DDAC3 /* LoginKit.framework */ = {isa = PBXFileReference; explicitFileType = wrapper.framework; path = LoginKit.framework; sourceTree = BUILT_PRODUCTS_DIR; };
		DDD48BB223859EC6009DDAC3 /* WatchlistKit.framework */ = {isa = PBXFileReference; explicitFileType = wrapper.framework; path = WatchlistKit.framework; sourceTree = BUILT_PRODUCTS_DIR; };
		EC333E3D79738CFE20F8FF2B /* Pods-Modular iOS Architecture.debug.xcconfig */ = {isa = PBXFileReference; includeInIndex = 1; lastKnownFileType = text.xcconfig; name = "Pods-Modular iOS Architecture.debug.xcconfig"; path = "Target Support Files/Pods-Modular iOS Architecture/Pods-Modular iOS Architecture.debug.xcconfig"; sourceTree = "<group>"; };
/* End PBXFileReference section */

/* Begin PBXFrameworksBuildPhase section */
		DD4EFCA8236E579100718D50 /* Frameworks */ = {
			isa = PBXFrameworksBuildPhase;
			buildActionMask = 2147483647;
			files = (
				DDD48B012384C7FA009DDAC3 /* ModuleManager.framework in Frameworks */,
				DDD48BB323859EC6009DDAC3 /* WatchlistKit.framework in Frameworks */,
				C1C82574C1BB7593A5CBABAC /* Pods_Modular_iOS_Architecture.framework in Frameworks */,
				DDD48B052384C7FE009DDAC3 /* LoginKit.framework in Frameworks */,
			);
			runOnlyForDeploymentPostprocessing = 0;
		};
/* End PBXFrameworksBuildPhase section */

/* Begin PBXGroup section */
		4A04E07EE5B3A0C95CA75CD1 /* Frameworks */ = {
			isa = PBXGroup;
			children = (
				DDD48BB223859EC6009DDAC3 /* WatchlistKit.framework */,
				DDD48B042384C7FE009DDAC3 /* LoginKit.framework */,
				DDD48B002384C7FA009DDAC3 /* ModuleManager.framework */,
				7FF9C3667C3AFD6B4A251E86 /* Pods_Modular_iOS_Architecture.framework */,
			);
			name = Frameworks;
			sourceTree = "<group>";
		};
		C05059395CC2C5DDC7881CAF /* Pods */ = {
			isa = PBXGroup;
			children = (
				56AC1B072F04B94DFD902657 /* Pods-Modular iOS Architecture [SwiftyIDxStockbit].debug.xcconfig */,
				07A53D63B8E6BA0AAF9D8B82 /* Pods-Modular iOS Architecture [SwiftyIDxStockbit].release.xcconfig */,
				EC333E3D79738CFE20F8FF2B /* Pods-Modular iOS Architecture.debug.xcconfig */,
				4FBDC0AC44F192B4F776E614 /* Pods-Modular iOS Architecture.release.xcconfig */,
			);
			path = Pods;
			sourceTree = "<group>";
		};
		DD4EFCA2236E579100718D50 = {
			isa = PBXGroup;
			children = (
				DD4EFCAD236E579100718D50 /* Modular iOS Architecture */,
				DD4EFCAC236E579100718D50 /* Products */,
				C05059395CC2C5DDC7881CAF /* Pods */,
				4A04E07EE5B3A0C95CA75CD1 /* Frameworks */,
			);
			sourceTree = "<group>";
		};
		DD4EFCAC236E579100718D50 /* Products */ = {
			isa = PBXGroup;
			children = (
				DD4EFCAB236E579100718D50 /* SwiftyID.app */,
			);
			name = Products;
			sourceTree = "<group>";
		};
		DD4EFCAD236E579100718D50 /* Modular iOS Architecture */ = {
			isa = PBXGroup;
			children = (
				DD4EFCAE236E579100718D50 /* AppDelegate.swift */,
				DD4EFCB7236E579300718D50 /* Assets.xcassets */,
				DD4EFCB9236E579300718D50 /* LaunchScreen.storyboard */,
				DD4EFCBC236E579300718D50 /* Info.plist */,
			);
			path = "Modular iOS Architecture";
			sourceTree = "<group>";
		};
/* End PBXGroup section */

/* Begin PBXNativeTarget section */
		DD4EFCAA236E579100718D50 /* Modular iOS Architecture */ = {
			isa = PBXNativeTarget;
			buildConfigurationList = DD4EFCBF236E579300718D50 /* Build configuration list for PBXNativeTarget "Modular iOS Architecture" */;
			buildPhases = (
				83DD3A97113B3BFAF4DD9B0F /* [CP] Check Pods Manifest.lock */,
				DD4EFCA7236E579100718D50 /* Sources */,
				DD4EFCA8236E579100718D50 /* Frameworks */,
				DD4EFCA9236E579100718D50 /* Resources */,
				08B8C90A0CB43E969DBCE5DE /* [CP] Embed Pods Frameworks */,
				DDD48B032384C7FB009DDAC3 /* Embed Frameworks */,
			);
			buildRules = (
			);
			dependencies = (
			);
			name = "Modular iOS Architecture";
			productName = "Modular iOS Architecture [SwiftyIDxStockbit]";
			productReference = DD4EFCAB236E579100718D50 /* SwiftyID.app */;
			productType = "com.apple.product-type.application";
		};
/* End PBXNativeTarget section */

/* Begin PBXProject section */
		DD4EFCA3236E579100718D50 /* Project object */ = {
			isa = PBXProject;
			attributes = {
				LastSwiftUpdateCheck = 1110;
				LastUpgradeCheck = 1110;
				ORGANIZATIONNAME = Stockbit;
				TargetAttributes = {
					DD4EFCAA236E579100718D50 = {
						CreatedOnToolsVersion = 11.1;
					};
				};
			};
			buildConfigurationList = DD4EFCA6236E579100718D50 /* Build configuration list for PBXProject "Modular iOS Architecture" */;
			compatibilityVersion = "Xcode 9.3";
			developmentRegion = en;
			hasScannedForEncodings = 0;
			knownRegions = (
				en,
				Base,
			);
			mainGroup = DD4EFCA2236E579100718D50;
			productRefGroup = DD4EFCAC236E579100718D50 /* Products */;
			projectDirPath = "";
			projectRoot = "";
			targets = (
				DD4EFCAA236E579100718D50 /* Modular iOS Architecture */,
			);
		};
/* End PBXProject section */

/* Begin PBXResourcesBuildPhase section */
		DD4EFCA9236E579100718D50 /* Resources */ = {
			isa = PBXResourcesBuildPhase;
			buildActionMask = 2147483647;
			files = (
				DD4EFCBB236E579300718D50 /* LaunchScreen.storyboard in Resources */,
				DD4EFCB8236E579300718D50 /* Assets.xcassets in Resources */,
			);
			runOnlyForDeploymentPostprocessing = 0;
		};
/* End PBXResourcesBuildPhase section */

/* Begin PBXShellScriptBuildPhase section */
		08B8C90A0CB43E969DBCE5DE /* [CP] Embed Pods Frameworks */ = {
			isa = PBXShellScriptBuildPhase;
			buildActionMask = 2147483647;
			files = (
			);
			inputFileListPaths = (
				"${PODS_ROOT}/Target Support Files/Pods-Modular iOS Architecture/Pods-Modular iOS Architecture-frameworks-${CONFIGURATION}-input-files.xcfilelist",
			);
			name = "[CP] Embed Pods Frameworks";
			outputFileListPaths = (
				"${PODS_ROOT}/Target Support Files/Pods-Modular iOS Architecture/Pods-Modular iOS Architecture-frameworks-${CONFIGURATION}-output-files.xcfilelist",
			);
			runOnlyForDeploymentPostprocessing = 0;
			shellPath = /bin/sh;
			shellScript = "\"${PODS_ROOT}/Target Support Files/Pods-Modular iOS Architecture/Pods-Modular iOS Architecture-frameworks.sh\"\n";
			showEnvVarsInLog = 0;
		};
		83DD3A97113B3BFAF4DD9B0F /* [CP] Check Pods Manifest.lock */ = {
			isa = PBXShellScriptBuildPhase;
			buildActionMask = 2147483647;
			files = (
			);
			inputFileListPaths = (
			);
			inputPaths = (
				"${PODS_PODFILE_DIR_PATH}/Podfile.lock",
				"${PODS_ROOT}/Manifest.lock",
			);
			name = "[CP] Check Pods Manifest.lock";
			outputFileListPaths = (
			);
			outputPaths = (
				"$(DERIVED_FILE_DIR)/Pods-Modular iOS Architecture-checkManifestLockResult.txt",
			);
			runOnlyForDeploymentPostprocessing = 0;
			shellPath = /bin/sh;
			shellScript = "diff \"${PODS_PODFILE_DIR_PATH}/Podfile.lock\" \"${PODS_ROOT}/Manifest.lock\" > /dev/null\nif [ $? != 0 ] ; then\n    # print error to STDERR\n    echo \"error: The sandbox is not in sync with the Podfile.lock. Run 'pod install' or update your CocoaPods installation.\" >&2\n    exit 1\nfi\n# This output is used by Xcode 'outputs' to avoid re-running this script phase.\necho \"SUCCESS\" > \"${SCRIPT_OUTPUT_FILE_0}\"\n";
			showEnvVarsInLog = 0;
		};
/* End PBXShellScriptBuildPhase section */

/* Begin PBXSourcesBuildPhase section */
		DD4EFCA7236E579100718D50 /* Sources */ = {
			isa = PBXSourcesBuildPhase;
			buildActionMask = 2147483647;
			files = (
				DD4EFCAF236E579100718D50 /* AppDelegate.swift in Sources */,
			);
			runOnlyForDeploymentPostprocessing = 0;
		};
/* End PBXSourcesBuildPhase section */

/* Begin PBXVariantGroup section */
		DD4EFCB9236E579300718D50 /* LaunchScreen.storyboard */ = {
			isa = PBXVariantGroup;
			children = (
				DD4EFCBA236E579300718D50 /* Base */,
			);
			name = LaunchScreen.storyboard;
			sourceTree = "<group>";
		};
/* End PBXVariantGroup section */

/* Begin XCBuildConfiguration section */
		DD4EFCBD236E579300718D50 /* Debug */ = {
			isa = XCBuildConfiguration;
			buildSettings = {
				ALWAYS_SEARCH_USER_PATHS = NO;
				CLANG_ANALYZER_NONNULL = YES;
				CLANG_ANALYZER_NUMBER_OBJECT_CONVERSION = YES_AGGRESSIVE;
				CLANG_CXX_LANGUAGE_STANDARD = "gnu++14";
				CLANG_CXX_LIBRARY = "libc++";
				CLANG_ENABLE_MODULES = YES;
				CLANG_ENABLE_OBJC_ARC = YES;
				CLANG_ENABLE_OBJC_WEAK = YES;
				CLANG_WARN_BLOCK_CAPTURE_AUTORELEASING = YES;
				CLANG_WARN_BOOL_CONVERSION = YES;
				CLANG_WARN_COMMA = YES;
				CLANG_WARN_CONSTANT_CONVERSION = YES;
				CLANG_WARN_DEPRECATED_OBJC_IMPLEMENTATIONS = YES;
				CLANG_WARN_DIRECT_OBJC_ISA_USAGE = YES_ERROR;
				CLANG_WARN_DOCUMENTATION_COMMENTS = YES;
				CLANG_WARN_EMPTY_BODY = YES;
				CLANG_WARN_ENUM_CONVERSION = YES;
				CLANG_WARN_INFINITE_RECURSION = YES;
				CLANG_WARN_INT_CONVERSION = YES;
				CLANG_WARN_NON_LITERAL_NULL_CONVERSION = YES;
				CLANG_WARN_OBJC_IMPLICIT_RETAIN_SELF = YES;
				CLANG_WARN_OBJC_LITERAL_CONVERSION = YES;
				CLANG_WARN_OBJC_ROOT_CLASS = YES_ERROR;
				CLANG_WARN_RANGE_LOOP_ANALYSIS = YES;
				CLANG_WARN_STRICT_PROTOTYPES = YES;
				CLANG_WARN_SUSPICIOUS_MOVE = YES;
				CLANG_WARN_UNGUARDED_AVAILABILITY = YES_AGGRESSIVE;
				CLANG_WARN_UNREACHABLE_CODE = YES;
				CLANG_WARN__DUPLICATE_METHOD_MATCH = YES;
				COPY_PHASE_STRIP = NO;
				DEBUG_INFORMATION_FORMAT = dwarf;
				ENABLE_STRICT_OBJC_MSGSEND = YES;
				ENABLE_TESTABILITY = YES;
				GCC_C_LANGUAGE_STANDARD = gnu11;
				GCC_DYNAMIC_NO_PIC = NO;
				GCC_NO_COMMON_BLOCKS = YES;
				GCC_OPTIMIZATION_LEVEL = 0;
				GCC_PREPROCESSOR_DEFINITIONS = (
					"DEBUG=1",
					"$(inherited)",
				);
				GCC_WARN_64_TO_32_BIT_CONVERSION = YES;
				GCC_WARN_ABOUT_RETURN_TYPE = YES_ERROR;
				GCC_WARN_UNDECLARED_SELECTOR = YES;
				GCC_WARN_UNINITIALIZED_AUTOS = YES_AGGRESSIVE;
				GCC_WARN_UNUSED_FUNCTION = YES;
				GCC_WARN_UNUSED_VARIABLE = YES;
				IPHONEOS_DEPLOYMENT_TARGET = 13.1;
				MTL_ENABLE_DEBUG_INFO = INCLUDE_SOURCE;
				MTL_FAST_MATH = YES;
				ONLY_ACTIVE_ARCH = YES;
				SDKROOT = iphoneos;
				SWIFT_ACTIVE_COMPILATION_CONDITIONS = DEBUG;
				SWIFT_OPTIMIZATION_LEVEL = "-Onone";
			};
			name = Debug;
		};
		DD4EFCBE236E579300718D50 /* Release */ = {
			isa = XCBuildConfiguration;
			buildSettings = {
				ALWAYS_SEARCH_USER_PATHS = NO;
				CLANG_ANALYZER_NONNULL = YES;
				CLANG_ANALYZER_NUMBER_OBJECT_CONVERSION = YES_AGGRESSIVE;
				CLANG_CXX_LANGUAGE_STANDARD = "gnu++14";
				CLANG_CXX_LIBRARY = "libc++";
				CLANG_ENABLE_MODULES = YES;
				CLANG_ENABLE_OBJC_ARC = YES;
				CLANG_ENABLE_OBJC_WEAK = YES;
				CLANG_WARN_BLOCK_CAPTURE_AUTORELEASING = YES;
				CLANG_WARN_BOOL_CONVERSION = YES;
				CLANG_WARN_COMMA = YES;
				CLANG_WARN_CONSTANT_CONVERSION = YES;
				CLANG_WARN_DEPRECATED_OBJC_IMPLEMENTATIONS = YES;
				CLANG_WARN_DIRECT_OBJC_ISA_USAGE = YES_ERROR;
				CLANG_WARN_DOCUMENTATION_COMMENTS = YES;
				CLANG_WARN_EMPTY_BODY = YES;
				CLANG_WARN_ENUM_CONVERSION = YES;
				CLANG_WARN_INFINITE_RECURSION = YES;
				CLANG_WARN_INT_CONVERSION = YES;
				CLANG_WARN_NON_LITERAL_NULL_CONVERSION = YES;
				CLANG_WARN_OBJC_IMPLICIT_RETAIN_SELF = YES;
				CLANG_WARN_OBJC_LITERAL_CONVERSION = YES;
				CLANG_WARN_OBJC_ROOT_CLASS = YES_ERROR;
				CLANG_WARN_RANGE_LOOP_ANALYSIS = YES;
				CLANG_WARN_STRICT_PROTOTYPES = YES;
				CLANG_WARN_SUSPICIOUS_MOVE = YES;
				CLANG_WARN_UNGUARDED_AVAILABILITY = YES_AGGRESSIVE;
				CLANG_WARN_UNREACHABLE_CODE = YES;
				CLANG_WARN__DUPLICATE_METHOD_MATCH = YES;
				COPY_PHASE_STRIP = NO;
				DEBUG_INFORMATION_FORMAT = "dwarf-with-dsym";
				ENABLE_NS_ASSERTIONS = NO;
				ENABLE_STRICT_OBJC_MSGSEND = YES;
				GCC_C_LANGUAGE_STANDARD = gnu11;
				GCC_NO_COMMON_BLOCKS = YES;
				GCC_WARN_64_TO_32_BIT_CONVERSION = YES;
				GCC_WARN_ABOUT_RETURN_TYPE = YES_ERROR;
				GCC_WARN_UNDECLARED_SELECTOR = YES;
				GCC_WARN_UNINITIALIZED_AUTOS = YES_AGGRESSIVE;
				GCC_WARN_UNUSED_FUNCTION = YES;
				GCC_WARN_UNUSED_VARIABLE = YES;
				IPHONEOS_DEPLOYMENT_TARGET = 13.1;
				MTL_ENABLE_DEBUG_INFO = NO;
				MTL_FAST_MATH = YES;
				SDKROOT = iphoneos;
				SWIFT_COMPILATION_MODE = wholemodule;
				SWIFT_OPTIMIZATION_LEVEL = "-O";
				VALIDATE_PRODUCT = YES;
			};
			name = Release;
		};
		DD4EFCC0236E579300718D50 /* Debug */ = {
			isa = XCBuildConfiguration;
			baseConfigurationReference = EC333E3D79738CFE20F8FF2B /* Pods-Modular iOS Architecture.debug.xcconfig */;
			buildSettings = {
				ASSETCATALOG_COMPILER_APPICON_NAME = AppIcon;
				CODE_SIGN_STYLE = Automatic;
				DEVELOPMENT_TEAM = ASHUNREKRL;
				INFOPLIST_FILE = "$(SRCROOT)/Modular iOS Architecture/Info.plist";
				IPHONEOS_DEPLOYMENT_TARGET = 10.0;
				LD_RUNPATH_SEARCH_PATHS = (
					"$(inherited)",
					"@executable_path/Frameworks",
				);
				PRODUCT_BUNDLE_IDENTIFIER = "com.stockbit.Modular-iOS-Architecture";
				PRODUCT_NAME = SwiftyID;
				SWIFT_VERSION = 5.0;
				TARGETED_DEVICE_FAMILY = 1;
			};
			name = Debug;
		};
		DD4EFCC1236E579300718D50 /* Release */ = {
			isa = XCBuildConfiguration;
			baseConfigurationReference = 4FBDC0AC44F192B4F776E614 /* Pods-Modular iOS Architecture.release.xcconfig */;
			buildSettings = {
				ASSETCATALOG_COMPILER_APPICON_NAME = AppIcon;
				CODE_SIGN_STYLE = Automatic;
				DEVELOPMENT_TEAM = ASHUNREKRL;
				INFOPLIST_FILE = "$(SRCROOT)/Modular iOS Architecture/Info.plist";
				IPHONEOS_DEPLOYMENT_TARGET = 10.0;
				LD_RUNPATH_SEARCH_PATHS = (
					"$(inherited)",
					"@executable_path/Frameworks",
				);
				PRODUCT_BUNDLE_IDENTIFIER = "com.stockbit.Modular-iOS-Architecture";
				PRODUCT_NAME = SwiftyID;
				SWIFT_VERSION = 5.0;
				TARGETED_DEVICE_FAMILY = 1;
			};
			name = Release;
		};
/* End XCBuildConfiguration section */

/* Begin XCConfigurationList section */
		DD4EFCA6236E579100718D50 /* Build configuration list for PBXProject "Modular iOS Architecture" */ = {
			isa = XCConfigurationList;
			buildConfigurations = (
				DD4EFCBD236E579300718D50 /* Debug */,
				DD4EFCBE236E579300718D50 /* Release */,
			);
			defaultConfigurationIsVisible = 0;
			defaultConfigurationName = Release;
		};
		DD4EFCBF236E579300718D50 /* Build configuration list for PBXNativeTarget "Modular iOS Architecture" */ = {
			isa = XCConfigurationList;
			buildConfigurations = (
				DD4EFCC0236E579300718D50 /* Debug */,
				DD4EFCC1236E579300718D50 /* Release */,
			);
			defaultConfigurationIsVisible = 0;
			defaultConfigurationName = Release;
		};
/* End XCConfigurationList section */
	};
	rootObject = DD4EFCA3236E579100718D50 /* Project object */;
}
